// !$*UTF8*$!
{
	archiveVersion = 1;
	classes = {
	};
	objectVersion = 50;
	objects = {

/* Begin PBXBuildFile section */
		EC2F4E3323CCCC7F00EA7B44 /* AutoCompletionUtils.swift in Sources */ = {isa = PBXBuildFile; fileRef = EC2F4E3223CCCC7F00EA7B44 /* AutoCompletionUtils.swift */; };
		EC2F4E3523CCD77C00EA7B44 /* words.txt in Resources */ = {isa = PBXBuildFile; fileRef = EC2F4E3423CCD77C00EA7B44 /* words.txt */; };
		EC2F4E3723CD4B4400EA7B44 /* CTCModel.mlmodel in Sources */ = {isa = PBXBuildFile; fileRef = EC2F4E3623CD4B4400EA7B44 /* CTCModel.mlmodel */; };
		EC7549DE23CB8D65000F33D1 /* MLMultiArray+Extension.swift in Sources */ = {isa = PBXBuildFile; fileRef = EC7549DD23CB8D65000F33D1 /* MLMultiArray+Extension.swift */; };
		EC7549E023CB9304000F33D1 /* Math.swift in Sources */ = {isa = PBXBuildFile; fileRef = EC7549DF23CB9303000F33D1 /* Math.swift */; };
		EC7549E223CBD837000F33D1 /* CTCDecode.swift in Sources */ = {isa = PBXBuildFile; fileRef = EC7549E123CBD837000F33D1 /* CTCDecode.swift */; };
		EC7EB76523D487F1008C40A4 /* index.json in Resources */ = {isa = PBXBuildFile; fileRef = EC7EB76423D487F1008C40A4 /* index.json */; };
		ECD360E023C7BA3900686CD2 /* AppDelegate.swift in Sources */ = {isa = PBXBuildFile; fileRef = ECD360DF23C7BA3900686CD2 /* AppDelegate.swift */; };
		ECD360E223C7BA3900686CD2 /* SceneDelegate.swift in Sources */ = {isa = PBXBuildFile; fileRef = ECD360E123C7BA3900686CD2 /* SceneDelegate.swift */; };
		ECD360E423C7BA3900686CD2 /* ViewController.swift in Sources */ = {isa = PBXBuildFile; fileRef = ECD360E323C7BA3900686CD2 /* ViewController.swift */; };
		ECD360E723C7BA3900686CD2 /* Main.storyboard in Resources */ = {isa = PBXBuildFile; fileRef = ECD360E523C7BA3900686CD2 /* Main.storyboard */; };
		ECD360E923C7BA3D00686CD2 /* Assets.xcassets in Resources */ = {isa = PBXBuildFile; fileRef = ECD360E823C7BA3D00686CD2 /* Assets.xcassets */; };
		ECD360EC23C7BA3D00686CD2 /* LaunchScreen.storyboard in Resources */ = {isa = PBXBuildFile; fileRef = ECD360EA23C7BA3D00686CD2 /* LaunchScreen.storyboard */; };
		ECD360F423C7BAA200686CD2 /* UIImage+Extension.swift in Sources */ = {isa = PBXBuildFile; fileRef = ECD360F323C7BAA200686CD2 /* UIImage+Extension.swift */; };
		ECD360F623C7BB8100686CD2 /* UIImageView+Extension.swift in Sources */ = {isa = PBXBuildFile; fileRef = ECD360F523C7BB8100686CD2 /* UIImageView+Extension.swift */; };
		ECD360FA23C9F3CD00686CD2 /* Utilities.swift in Sources */ = {isa = PBXBuildFile; fileRef = ECD360F923C9F3CD00686CD2 /* Utilities.swift */; };
		ECD360FC23C9F43600686CD2 /* CanvasView.swift in Sources */ = {isa = PBXBuildFile; fileRef = ECD360FB23C9F43600686CD2 /* CanvasView.swift */; };
/* End PBXBuildFile section */

/* Begin PBXFileReference section */
		EC2F4E3223CCCC7F00EA7B44 /* AutoCompletionUtils.swift */ = {isa = PBXFileReference; lastKnownFileType = sourcecode.swift; path = AutoCompletionUtils.swift; sourceTree = "<group>"; };
		EC2F4E3423CCD77C00EA7B44 /* words.txt */ = {isa = PBXFileReference; fileEncoding = 4; lastKnownFileType = text; name = words.txt; path = ../../py/data/words.txt; sourceTree = "<group>"; };
		EC2F4E3623CD4B4400EA7B44 /* CTCModel.mlmodel */ = {isa = PBXFileReference; lastKnownFileType = file.mlmodel; name = CTCModel.mlmodel; path = ../../py/bin/CTCModel.mlmodel; sourceTree = "<group>"; };
		EC7549DD23CB8D65000F33D1 /* MLMultiArray+Extension.swift */ = {isa = PBXFileReference; lastKnownFileType = sourcecode.swift; path = "MLMultiArray+Extension.swift"; sourceTree = "<group>"; };
		EC7549DF23CB9303000F33D1 /* Math.swift */ = {isa = PBXFileReference; lastKnownFileType = sourcecode.swift; path = Math.swift; sourceTree = "<group>"; };
		EC7549E123CBD837000F33D1 /* CTCDecode.swift */ = {isa = PBXFileReference; lastKnownFileType = sourcecode.swift; path = CTCDecode.swift; sourceTree = "<group>"; };
		EC7EB76423D487F1008C40A4 /* index.json */ = {isa = PBXFileReference; fileEncoding = 4; lastKnownFileType = text.json; name = index.json; path = ../../py/data/index.json; sourceTree = "<group>"; };
		ECD360DC23C7BA3900686CD2 /* NoteApp.app */ = {isa = PBXFileReference; explicitFileType = wrapper.application; includeInIndex = 0; path = NoteApp.app; sourceTree = BUILT_PRODUCTS_DIR; };
		ECD360DF23C7BA3900686CD2 /* AppDelegate.swift */ = {isa = PBXFileReference; lastKnownFileType = sourcecode.swift; path = AppDelegate.swift; sourceTree = "<group>"; };
		ECD360E123C7BA3900686CD2 /* SceneDelegate.swift */ = {isa = PBXFileReference; lastKnownFileType = sourcecode.swift; path = SceneDelegate.swift; sourceTree = "<group>"; };
		ECD360E323C7BA3900686CD2 /* ViewController.swift */ = {isa = PBXFileReference; lastKnownFileType = sourcecode.swift; path = ViewController.swift; sourceTree = "<group>"; };
		ECD360E623C7BA3900686CD2 /* Base */ = {isa = PBXFileReference; lastKnownFileType = file.storyboard; name = Base; path = Base.lproj/Main.storyboard; sourceTree = "<group>"; };
		ECD360E823C7BA3D00686CD2 /* Assets.xcassets */ = {isa = PBXFileReference; lastKnownFileType = folder.assetcatalog; path = Assets.xcassets; sourceTree = "<group>"; };
		ECD360EB23C7BA3D00686CD2 /* Base */ = {isa = PBXFileReference; lastKnownFileType = file.storyboard; name = Base; path = Base.lproj/LaunchScreen.storyboard; sourceTree = "<group>"; };
		ECD360ED23C7BA3D00686CD2 /* Info.plist */ = {isa = PBXFileReference; lastKnownFileType = text.plist.xml; path = Info.plist; sourceTree = "<group>"; };
		ECD360F323C7BAA200686CD2 /* UIImage+Extension.swift */ = {isa = PBXFileReference; lastKnownFileType = sourcecode.swift; path = "UIImage+Extension.swift"; sourceTree = "<group>"; };
		ECD360F523C7BB8100686CD2 /* UIImageView+Extension.swift */ = {isa = PBXFileReference; lastKnownFileType = sourcecode.swift; path = "UIImageView+Extension.swift"; sourceTree = "<group>"; };
		ECD360F923C9F3CD00686CD2 /* Utilities.swift */ = {isa = PBXFileReference; lastKnownFileType = sourcecode.swift; path = Utilities.swift; sourceTree = "<group>"; };
		ECD360FB23C9F43600686CD2 /* CanvasView.swift */ = {isa = PBXFileReference; lastKnownFileType = sourcecode.swift; path = CanvasView.swift; sourceTree = "<group>"; };
/* End PBXFileReference section */

/* Begin PBXFrameworksBuildPhase section */
		ECD360D923C7BA3900686CD2 /* Frameworks */ = {
			isa = PBXFrameworksBuildPhase;
			buildActionMask = 2147483647;
			files = (
			);
			runOnlyForDeploymentPostprocessing = 0;
		};
/* End PBXFrameworksBuildPhase section */

/* Begin PBXGroup section */
		ECD360D323C7BA3900686CD2 = {
			isa = PBXGroup;
			children = (
				ECD360DE23C7BA3900686CD2 /* NoteApp */,
				ECD360DD23C7BA3900686CD2 /* Products */,
			);
			sourceTree = "<group>";
		};
		ECD360DD23C7BA3900686CD2 /* Products */ = {
			isa = PBXGroup;
			children = (
				ECD360DC23C7BA3900686CD2 /* NoteApp.app */,
			);
			name = Products;
			sourceTree = "<group>";
		};
		ECD360DE23C7BA3900686CD2 /* NoteApp */ = {
			isa = PBXGroup;
			children = (
				EC7EB76423D487F1008C40A4 /* index.json */,
				EC2F4E3623CD4B4400EA7B44 /* CTCModel.mlmodel */,
				EC2F4E3423CCD77C00EA7B44 /* words.txt */,
				ECD360DF23C7BA3900686CD2 /* AppDelegate.swift */,
				ECD360E123C7BA3900686CD2 /* SceneDelegate.swift */,
				ECD360E323C7BA3900686CD2 /* ViewController.swift */,
				ECD360F323C7BAA200686CD2 /* UIImage+Extension.swift */,
				ECD360F523C7BB8100686CD2 /* UIImageView+Extension.swift */,
				ECD360F923C9F3CD00686CD2 /* Utilities.swift */,
				EC7549E123CBD837000F33D1 /* CTCDecode.swift */,
				ECD360FB23C9F43600686CD2 /* CanvasView.swift */,
				EC7549DD23CB8D65000F33D1 /* MLMultiArray+Extension.swift */,
				EC7549DF23CB9303000F33D1 /* Math.swift */,
				ECD360E523C7BA3900686CD2 /* Main.storyboard */,
				ECD360E823C7BA3D00686CD2 /* Assets.xcassets */,
				ECD360EA23C7BA3D00686CD2 /* LaunchScreen.storyboard */,
				ECD360ED23C7BA3D00686CD2 /* Info.plist */,
				EC2F4E3223CCCC7F00EA7B44 /* AutoCompletionUtils.swift */,
			);
			path = NoteApp;
			sourceTree = "<group>";
		};
/* End PBXGroup section */

/* Begin PBXNativeTarget section */
		ECD360DB23C7BA3900686CD2 /* NoteApp */ = {
			isa = PBXNativeTarget;
			buildConfigurationList = ECD360F023C7BA3D00686CD2 /* Build configuration list for PBXNativeTarget "NoteApp" */;
			buildPhases = (
				ECD360D823C7BA3900686CD2 /* Sources */,
				ECD360D923C7BA3900686CD2 /* Frameworks */,
				ECD360DA23C7BA3900686CD2 /* Resources */,
			);
			buildRules = (
			);
			dependencies = (
			);
			name = NoteApp;
			productName = NoteApp;
			productReference = ECD360DC23C7BA3900686CD2 /* NoteApp.app */;
			productType = "com.apple.product-type.application";
		};
/* End PBXNativeTarget section */

/* Begin PBXProject section */
		ECD360D423C7BA3900686CD2 /* Project object */ = {
			isa = PBXProject;
			attributes = {
				LastSwiftUpdateCheck = 1130;
				LastUpgradeCheck = 1130;
				ORGANIZATIONNAME = "荒居秀尚";
				TargetAttributes = {
					ECD360DB23C7BA3900686CD2 = {
						CreatedOnToolsVersion = 11.3;
					};
				};
			};
			buildConfigurationList = ECD360D723C7BA3900686CD2 /* Build configuration list for PBXProject "NoteApp" */;
			compatibilityVersion = "Xcode 9.3";
			developmentRegion = en;
			hasScannedForEncodings = 0;
			knownRegions = (
				en,
				Base,
			);
			mainGroup = ECD360D323C7BA3900686CD2;
			productRefGroup = ECD360DD23C7BA3900686CD2 /* Products */;
			projectDirPath = "";
			projectRoot = "";
			targets = (
				ECD360DB23C7BA3900686CD2 /* NoteApp */,
			);
		};
/* End PBXProject section */

/* Begin PBXResourcesBuildPhase section */
		ECD360DA23C7BA3900686CD2 /* Resources */ = {
			isa = PBXResourcesBuildPhase;
			buildActionMask = 2147483647;
			files = (
				EC7EB76523D487F1008C40A4 /* index.json in Resources */,
				ECD360EC23C7BA3D00686CD2 /* LaunchScreen.storyboard in Resources */,
				ECD360E923C7BA3D00686CD2 /* Assets.xcassets in Resources */,
				EC2F4E3523CCD77C00EA7B44 /* words.txt in Resources */,
				ECD360E723C7BA3900686CD2 /* Main.storyboard in Resources */,
			);
			runOnlyForDeploymentPostprocessing = 0;
		};
/* End PBXResourcesBuildPhase section */

/* Begin PBXSourcesBuildPhase section */
		ECD360D823C7BA3900686CD2 /* Sources */ = {
			isa = PBXSourcesBuildPhase;
			buildActionMask = 2147483647;
			files = (
				ECD360F623C7BB8100686CD2 /* UIImageView+Extension.swift in Sources */,
				ECD360FC23C9F43600686CD2 /* CanvasView.swift in Sources */,
				ECD360FA23C9F3CD00686CD2 /* Utilities.swift in Sources */,
				ECD360E423C7BA3900686CD2 /* ViewController.swift in Sources */,
				EC7549DE23CB8D65000F33D1 /* MLMultiArray+Extension.swift in Sources */,
				ECD360E023C7BA3900686CD2 /* AppDelegate.swift in Sources */,
				EC7549E223CBD837000F33D1 /* CTCDecode.swift in Sources */,
				EC2F4E3723CD4B4400EA7B44 /* CTCModel.mlmodel in Sources */,
				ECD360E223C7BA3900686CD2 /* SceneDelegate.swift in Sources */,
				EC2F4E3323CCCC7F00EA7B44 /* AutoCompletionUtils.swift in Sources */,
				ECD360F423C7BAA200686CD2 /* UIImage+Extension.swift in Sources */,
				EC7549E023CB9304000F33D1 /* Math.swift in Sources */,
			);
			runOnlyForDeploymentPostprocessing = 0;
		};
/* End PBXSourcesBuildPhase section */

/* Begin PBXVariantGroup section */
		ECD360E523C7BA3900686CD2 /* Main.storyboard */ = {
			isa = PBXVariantGroup;
			children = (
				ECD360E623C7BA3900686CD2 /* Base */,
			);
			name = Main.storyboard;
			sourceTree = "<group>";
		};
		ECD360EA23C7BA3D00686CD2 /* LaunchScreen.storyboard */ = {
			isa = PBXVariantGroup;
			children = (
				ECD360EB23C7BA3D00686CD2 /* Base */,
			);
			name = LaunchScreen.storyboard;
			sourceTree = "<group>";
		};
/* End PBXVariantGroup section */

/* Begin XCBuildConfiguration section */
		ECD360EE23C7BA3D00686CD2 /* Debug */ = {
			isa = XCBuildConfiguration;
			buildSettings = {
				ALWAYS_SEARCH_USER_PATHS = NO;
				CLANG_ANALYZER_NONNULL = YES;
				CLANG_ANALYZER_NUMBER_OBJECT_CONVERSION = YES_AGGRESSIVE;
				CLANG_CXX_LANGUAGE_STANDARD = "gnu++14";
				CLANG_CXX_LIBRARY = "libc++";
				CLANG_ENABLE_MODULES = YES;
				CLANG_ENABLE_OBJC_ARC = YES;
				CLANG_ENABLE_OBJC_WEAK = YES;
				CLANG_WARN_BLOCK_CAPTURE_AUTORELEASING = YES;
				CLANG_WARN_BOOL_CONVERSION = YES;
				CLANG_WARN_COMMA = YES;
				CLANG_WARN_CONSTANT_CONVERSION = YES;
				CLANG_WARN_DEPRECATED_OBJC_IMPLEMENTATIONS = YES;
				CLANG_WARN_DIRECT_OBJC_ISA_USAGE = YES_ERROR;
				CLANG_WARN_DOCUMENTATION_COMMENTS = YES;
				CLANG_WARN_EMPTY_BODY = YES;
				CLANG_WARN_ENUM_CONVERSION = YES;
				CLANG_WARN_INFINITE_RECURSION = YES;
				CLANG_WARN_INT_CONVERSION = YES;
				CLANG_WARN_NON_LITERAL_NULL_CONVERSION = YES;
				CLANG_WARN_OBJC_IMPLICIT_RETAIN_SELF = YES;
				CLANG_WARN_OBJC_LITERAL_CONVERSION = YES;
				CLANG_WARN_OBJC_ROOT_CLASS = YES_ERROR;
				CLANG_WARN_RANGE_LOOP_ANALYSIS = YES;
				CLANG_WARN_STRICT_PROTOTYPES = YES;
				CLANG_WARN_SUSPICIOUS_MOVE = YES;
				CLANG_WARN_UNGUARDED_AVAILABILITY = YES_AGGRESSIVE;
				CLANG_WARN_UNREACHABLE_CODE = YES;
				CLANG_WARN__DUPLICATE_METHOD_MATCH = YES;
				COPY_PHASE_STRIP = NO;
				DEBUG_INFORMATION_FORMAT = dwarf;
				ENABLE_STRICT_OBJC_MSGSEND = YES;
				ENABLE_TESTABILITY = YES;
				GCC_C_LANGUAGE_STANDARD = gnu11;
				GCC_DYNAMIC_NO_PIC = NO;
				GCC_NO_COMMON_BLOCKS = YES;
				GCC_OPTIMIZATION_LEVEL = 0;
				GCC_PREPROCESSOR_DEFINITIONS = (
					"DEBUG=1",
					"$(inherited)",
				);
				GCC_WARN_64_TO_32_BIT_CONVERSION = YES;
				GCC_WARN_ABOUT_RETURN_TYPE = YES_ERROR;
				GCC_WARN_UNDECLARED_SELECTOR = YES;
				GCC_WARN_UNINITIALIZED_AUTOS = YES_AGGRESSIVE;
				GCC_WARN_UNUSED_FUNCTION = YES;
				GCC_WARN_UNUSED_VARIABLE = YES;
				IPHONEOS_DEPLOYMENT_TARGET = 13.2;
				MTL_ENABLE_DEBUG_INFO = INCLUDE_SOURCE;
				MTL_FAST_MATH = YES;
				ONLY_ACTIVE_ARCH = YES;
				SDKROOT = iphoneos;
				SWIFT_ACTIVE_COMPILATION_CONDITIONS = DEBUG;
				SWIFT_OPTIMIZATION_LEVEL = "-Onone";
			};
			name = Debug;
		};
		ECD360EF23C7BA3D00686CD2 /* Release */ = {
			isa = XCBuildConfiguration;
			buildSettings = {
				ALWAYS_SEARCH_USER_PATHS = NO;
				CLANG_ANALYZER_NONNULL = YES;
				CLANG_ANALYZER_NUMBER_OBJECT_CONVERSION = YES_AGGRESSIVE;
				CLANG_CXX_LANGUAGE_STANDARD = "gnu++14";
				CLANG_CXX_LIBRARY = "libc++";
				CLANG_ENABLE_MODULES = YES;
				CLANG_ENABLE_OBJC_ARC = YES;
				CLANG_ENABLE_OBJC_WEAK = YES;
				CLANG_WARN_BLOCK_CAPTURE_AUTORELEASING = YES;
				CLANG_WARN_BOOL_CONVERSION = YES;
				CLANG_WARN_COMMA = YES;
				CLANG_WARN_CONSTANT_CONVERSION = YES;
				CLANG_WARN_DEPRECATED_OBJC_IMPLEMENTATIONS = YES;
				CLANG_WARN_DIRECT_OBJC_ISA_USAGE = YES_ERROR;
				CLANG_WARN_DOCUMENTATION_COMMENTS = YES;
				CLANG_WARN_EMPTY_BODY = YES;
				CLANG_WARN_ENUM_CONVERSION = YES;
				CLANG_WARN_INFINITE_RECURSION = YES;
				CLANG_WARN_INT_CONVERSION = YES;
				CLANG_WARN_NON_LITERAL_NULL_CONVERSION = YES;
				CLANG_WARN_OBJC_IMPLICIT_RETAIN_SELF = YES;
				CLANG_WARN_OBJC_LITERAL_CONVERSION = YES;
				CLANG_WARN_OBJC_ROOT_CLASS = YES_ERROR;
				CLANG_WARN_RANGE_LOOP_ANALYSIS = YES;
				CLANG_WARN_STRICT_PROTOTYPES = YES;
				CLANG_WARN_SUSPICIOUS_MOVE = YES;
				CLANG_WARN_UNGUARDED_AVAILABILITY = YES_AGGRESSIVE;
				CLANG_WARN_UNREACHABLE_CODE = YES;
				CLANG_WARN__DUPLICATE_METHOD_MATCH = YES;
				COPY_PHASE_STRIP = NO;
				DEBUG_INFORMATION_FORMAT = "dwarf-with-dsym";
				ENABLE_NS_ASSERTIONS = NO;
				ENABLE_STRICT_OBJC_MSGSEND = YES;
				GCC_C_LANGUAGE_STANDARD = gnu11;
				GCC_NO_COMMON_BLOCKS = YES;
				GCC_WARN_64_TO_32_BIT_CONVERSION = YES;
				GCC_WARN_ABOUT_RETURN_TYPE = YES_ERROR;
				GCC_WARN_UNDECLARED_SELECTOR = YES;
				GCC_WARN_UNINITIALIZED_AUTOS = YES_AGGRESSIVE;
				GCC_WARN_UNUSED_FUNCTION = YES;
				GCC_WARN_UNUSED_VARIABLE = YES;
				IPHONEOS_DEPLOYMENT_TARGET = 13.2;
				MTL_ENABLE_DEBUG_INFO = NO;
				MTL_FAST_MATH = YES;
				SDKROOT = iphoneos;
				SWIFT_COMPILATION_MODE = wholemodule;
				SWIFT_OPTIMIZATION_LEVEL = "-O";
				VALIDATE_PRODUCT = YES;
			};
			name = Release;
		};
		ECD360F123C7BA3D00686CD2 /* Debug */ = {
			isa = XCBuildConfiguration;
			buildSettings = {
				ASSETCATALOG_COMPILER_APPICON_NAME = AppIcon;
				CODE_SIGN_STYLE = Automatic;
				DEVELOPMENT_TEAM = PWSCZASUZP;
				INFOPLIST_FILE = NoteApp/Info.plist;
				LD_RUNPATH_SEARCH_PATHS = (
					"$(inherited)",
					"@executable_path/Frameworks",
				);
				PRODUCT_BUNDLE_IDENTIFIER = com.gmail.hide1996.NoteApp;
				PRODUCT_NAME = "$(TARGET_NAME)";
				SWIFT_VERSION = 5.0;
				TARGETED_DEVICE_FAMILY = "1,2";
			};
			name = Debug;
		};
		ECD360F223C7BA3D00686CD2 /* Release */ = {
			isa = XCBuildConfiguration;
			buildSettings = {
				ASSETCATALOG_COMPILER_APPICON_NAME = AppIcon;
				CODE_SIGN_STYLE = Automatic;
				DEVELOPMENT_TEAM = PWSCZASUZP;
				INFOPLIST_FILE = NoteApp/Info.plist;
				LD_RUNPATH_SEARCH_PATHS = (
					"$(inherited)",
					"@executable_path/Frameworks",
				);
				PRODUCT_BUNDLE_IDENTIFIER = com.gmail.hide1996.NoteApp;
				PRODUCT_NAME = "$(TARGET_NAME)";
				SWIFT_VERSION = 5.0;
				TARGETED_DEVICE_FAMILY = "1,2";
			};
			name = Release;
		};
/* End XCBuildConfiguration section */

/* Begin XCConfigurationList section */
		ECD360D723C7BA3900686CD2 /* Build configuration list for PBXProject "NoteApp" */ = {
			isa = XCConfigurationList;
			buildConfigurations = (
				ECD360EE23C7BA3D00686CD2 /* Debug */,
				ECD360EF23C7BA3D00686CD2 /* Release */,
			);
			defaultConfigurationIsVisible = 0;
			defaultConfigurationName = Release;
		};
		ECD360F023C7BA3D00686CD2 /* Build configuration list for PBXNativeTarget "NoteApp" */ = {
			isa = XCConfigurationList;
			buildConfigurations = (
				ECD360F123C7BA3D00686CD2 /* Debug */,
				ECD360F223C7BA3D00686CD2 /* Release */,
			);
			defaultConfigurationIsVisible = 0;
			defaultConfigurationName = Release;
		};
/* End XCConfigurationList section */
	};
	rootObject = ECD360D423C7BA3900686CD2 /* Project object */;
}
